
Microsoft Visual Studio Solution File, Format Version 12.00
# Visual Studio Version 16
VisualStudioVersion = 16.0.31410.357
MinimumVisualStudioVersion = 10.0.40219.1
Project("{8BC9CEB8-8B4A-11D0-8D11-00A0C91BC942}") = "Introductoin to OOP", "Introductoin to OOP\Introductoin to OOP.vcxproj", "{DFED2048-AD35-4E7E-B6CF-5344423DC8DB}"
EndProject
Project("{8BC9CEB8-8B4A-11D0-8D11-00A0C91BC942}") = "Point", "Point\Point.vcxproj", "{105BD1E0-A00C-4420-B00C-8D3F1624A13D}"
EndProject
Project("{8BC9CEB8-8B4A-11D0-8D11-00A0C91BC942}") = "Fraction", "Fraction\Fraction.vcxproj", "{A9EA40D7-DD83-485B-948E-3B4E8044D7DC}"
EndProject
Project("{8BC9CEB8-8B4A-11D0-8D11-00A0C91BC942}") = "Fraction_1", "Fraction_1\Fraction_1.vcxproj", "{931F9BE4-D069-4620-8509-BC6ED5BD55C7}"
EndProject
Project("{8BC9CEB8-8B4A-11D0-8D11-00A0C91BC942}") = "Fraction_Lesson", "Fraction_Lesson\Fraction_Lesson.vcxproj", "{472C2F86-2C23-498D-B9D1-4385FAF09AAA}"
EndProject
Project("{8BC9CEB8-8B4A-11D0-8D11-00A0C91BC942}") = "Fraction_Home_Work", "Fraction_Home_Work\Fraction_Home_Work.vcxproj", "{3CC83B91-17EF-4552-A645-DD75914C48E5}"
EndProject
Project("{8BC9CEB8-8B4A-11D0-8D11-00A0C91BC942}") = "String", "String\String.vcxproj", "{CFD92FEC-4048-4115-8E3E-136FA1A19192}"
EndProject
Project("{8BC9CEB8-8B4A-11D0-8D11-00A0C91BC942}") = "str_tok", "str_tok\str_tok.vcxproj", "{DC44819D-6162-4387-A7F3-959237784D03}"
EndProject
Project("{8BC9CEB8-8B4A-11D0-8D11-00A0C91BC942}") = "String_Lesson", "String_Lesson\String_Lesson.vcxproj", "{43DD8D79-BA06-45C6-967E-4717C383EA52}"
EndProject
Project("{8BC9CEB8-8B4A-11D0-8D11-00A0C91BC942}") = "Strng_2", "Strng_2\Strng_2.vcxproj", "{2666DF8F-0DC8-46B9-AB21-46FB11F3E7F5}"
EndProject
Project("{8BC9CEB8-8B4A-11D0-8D11-00A0C91BC942}") = "Introduction_to_OOP_Lesson", "Introduction_to_OOP_Lesson\Introduction_to_OOP_Lesson.vcxproj", "{CFD28501-150C-4908-97A3-948064B8D049}"
EndProject
Global
	GlobalSection(SolutionConfigurationPlatforms) = preSolution
		Debug|x64 = Debug|x64
		Debug|x86 = Debug|x86
		Release|x64 = Release|x64
		Release|x86 = Release|x86
	EndGlobalSection
	GlobalSection(ProjectConfigurationPlatforms) = postSolution
		{DFED2048-AD35-4E7E-B6CF-5344423DC8DB}.Debug|x64.ActiveCfg = Debug|x64
		{DFED2048-AD35-4E7E-B6CF-5344423DC8DB}.Debug|x64.Build.0 = Debug|x64
		{DFED2048-AD35-4E7E-B6CF-5344423DC8DB}.Debug|x86.ActiveCfg = Debug|Win32
		{DFED2048-AD35-4E7E-B6CF-5344423DC8DB}.Debug|x86.Build.0 = Debug|Win32
		{DFED2048-AD35-4E7E-B6CF-5344423DC8DB}.Release|x64.ActiveCfg = Release|x64
		{DFED2048-AD35-4E7E-B6CF-5344423DC8DB}.Release|x64.Build.0 = Release|x64
		{DFED2048-AD35-4E7E-B6CF-5344423DC8DB}.Release|x86.ActiveCfg = Release|Win32
		{DFED2048-AD35-4E7E-B6CF-5344423DC8DB}.Release|x86.Build.0 = Release|Win32
		{105BD1E0-A00C-4420-B00C-8D3F1624A13D}.Debug|x64.ActiveCfg = Debug|x64
		{105BD1E0-A00C-4420-B00C-8D3F1624A13D}.Debug|x64.Build.0 = Debug|x64
		{105BD1E0-A00C-4420-B00C-8D3F1624A13D}.Debug|x86.ActiveCfg = Debug|Win32
		{105BD1E0-A00C-4420-B00C-8D3F1624A13D}.Debug|x86.Build.0 = Debug|Win32
		{105BD1E0-A00C-4420-B00C-8D3F1624A13D}.Release|x64.ActiveCfg = Release|x64
		{105BD1E0-A00C-4420-B00C-8D3F1624A13D}.Release|x64.Build.0 = Release|x64
		{105BD1E0-A00C-4420-B00C-8D3F1624A13D}.Release|x86.ActiveCfg = Release|Win32
		{105BD1E0-A00C-4420-B00C-8D3F1624A13D}.Release|x86.Build.0 = Release|Win32
		{A9EA40D7-DD83-485B-948E-3B4E8044D7DC}.Debug|x64.ActiveCfg = Debug|x64
		{A9EA40D7-DD83-485B-948E-3B4E8044D7DC}.Debug|x64.Build.0 = Debug|x64
		{A9EA40D7-DD83-485B-948E-3B4E8044D7DC}.Debug|x86.ActiveCfg = Debug|Win32
		{A9EA40D7-DD83-485B-948E-3B4E8044D7DC}.Debug|x86.Build.0 = Debug|Win32
		{A9EA40D7-DD83-485B-948E-3B4E8044D7DC}.Release|x64.ActiveCfg = Release|x64
		{A9EA40D7-DD83-485B-948E-3B4E8044D7DC}.Release|x64.Build.0 = Release|x64
		{A9EA40D7-DD83-485B-948E-3B4E8044D7DC}.Release|x86.ActiveCfg = Release|Win32
		{A9EA40D7-DD83-485B-948E-3B4E8044D7DC}.Release|x86.Build.0 = Release|Win32
		{931F9BE4-D069-4620-8509-BC6ED5BD55C7}.Debug|x64.ActiveCfg = Debug|x64
		{931F9BE4-D069-4620-8509-BC6ED5BD55C7}.Debug|x64.Build.0 = Debug|x64
		{931F9BE4-D069-4620-8509-BC6ED5BD55C7}.Debug|x86.ActiveCfg = Debug|Win32
		{931F9BE4-D069-4620-8509-BC6ED5BD55C7}.Debug|x86.Build.0 = Debug|Win32
		{931F9BE4-D069-4620-8509-BC6ED5BD55C7}.Release|x64.ActiveCfg = Release|x64
		{931F9BE4-D069-4620-8509-BC6ED5BD55C7}.Release|x64.Build.0 = Release|x64
		{931F9BE4-D069-4620-8509-BC6ED5BD55C7}.Release|x86.ActiveCfg = Release|Win32
		{931F9BE4-D069-4620-8509-BC6ED5BD55C7}.Release|x86.Build.0 = Release|Win32
		{472C2F86-2C23-498D-B9D1-4385FAF09AAA}.Debug|x64.ActiveCfg = Debug|x64
		{472C2F86-2C23-498D-B9D1-4385FAF09AAA}.Debug|x64.Build.0 = Debug|x64
		{472C2F86-2C23-498D-B9D1-4385FAF09AAA}.Debug|x86.ActiveCfg = Debug|Win32
		{472C2F86-2C23-498D-B9D1-4385FAF09AAA}.Debug|x86.Build.0 = Debug|Win32
		{472C2F86-2C23-498D-B9D1-4385FAF09AAA}.Release|x64.ActiveCfg = Release|x64
		{472C2F86-2C23-498D-B9D1-4385FAF09AAA}.Release|x64.Build.0 = Release|x64
		{472C2F86-2C23-498D-B9D1-4385FAF09AAA}.Release|x86.ActiveCfg = Release|Win32
		{472C2F86-2C23-498D-B9D1-4385FAF09AAA}.Release|x86.Build.0 = Release|Win32
		{3CC83B91-17EF-4552-A645-DD75914C48E5}.Debug|x64.ActiveCfg = Debug|x64
		{3CC83B91-17EF-4552-A645-DD75914C48E5}.Debug|x64.Build.0 = Debug|x64
		{3CC83B91-17EF-4552-A645-DD75914C48E5}.Debug|x86.ActiveCfg = Debug|Win32
		{3CC83B91-17EF-4552-A645-DD75914C48E5}.Debug|x86.Build.0 = Debug|Win32
		{3CC83B91-17EF-4552-A645-DD75914C48E5}.Release|x64.ActiveCfg = Release|x64
		{3CC83B91-17EF-4552-A645-DD75914C48E5}.Release|x64.Build.0 = Release|x64
		{3CC83B91-17EF-4552-A645-DD75914C48E5}.Release|x86.ActiveCfg = Release|Win32
		{3CC83B91-17EF-4552-A645-DD75914C48E5}.Release|x86.Build.0 = Release|Win32
		{CFD92FEC-4048-4115-8E3E-136FA1A19192}.Debug|x64.ActiveCfg = Debug|x64
		{CFD92FEC-4048-4115-8E3E-136FA1A19192}.Debug|x64.Build.0 = Debug|x64
		{CFD92FEC-4048-4115-8E3E-136FA1A19192}.Debug|x86.ActiveCfg = Debug|Win32
		{CFD92FEC-4048-4115-8E3E-136FA1A19192}.Debug|x86.Build.0 = Debug|Win32
		{CFD92FEC-4048-4115-8E3E-136FA1A19192}.Release|x64.ActiveCfg = Release|x64
		{CFD92FEC-4048-4115-8E3E-136FA1A19192}.Release|x64.Build.0 = Release|x64
		{CFD92FEC-4048-4115-8E3E-136FA1A19192}.Release|x86.ActiveCfg = Release|Win32
		{CFD92FEC-4048-4115-8E3E-136FA1A19192}.Release|x86.Build.0 = Release|Win32
		{DC44819D-6162-4387-A7F3-959237784D03}.Debug|x64.ActiveCfg = Debug|x64
		{DC44819D-6162-4387-A7F3-959237784D03}.Debug|x64.Build.0 = Debug|x64
		{DC44819D-6162-4387-A7F3-959237784D03}.Debug|x86.ActiveCfg = Debug|Win32
		{DC44819D-6162-4387-A7F3-959237784D03}.Debug|x86.Build.0 = Debug|Win32
		{DC44819D-6162-4387-A7F3-959237784D03}.Release|x64.ActiveCfg = Release|x64
		{DC44819D-6162-4387-A7F3-959237784D03}.Release|x64.Build.0 = Release|x64
		{DC44819D-6162-4387-A7F3-959237784D03}.Release|x86.ActiveCfg = Release|Win32
		{DC44819D-6162-4387-A7F3-959237784D03}.Release|x86.Build.0 = Release|Win32
		{43DD8D79-BA06-45C6-967E-4717C383EA52}.Debug|x64.ActiveCfg = Debug|x64
		{43DD8D79-BA06-45C6-967E-4717C383EA52}.Debug|x64.Build.0 = Debug|x64
		{43DD8D79-BA06-45C6-967E-4717C383EA52}.Debug|x86.ActiveCfg = Debug|Win32
		{43DD8D79-BA06-45C6-967E-4717C383EA52}.Debug|x86.Build.0 = Debug|Win32
		{43DD8D79-BA06-45C6-967E-4717C383EA52}.Release|x64.ActiveCfg = Release|x64
		{43DD8D79-BA06-45C6-967E-4717C383EA52}.Release|x64.Build.0 = Release|x64
		{43DD8D79-BA06-45C6-967E-4717C383EA52}.Release|x86.ActiveCfg = Release|Win32
		{43DD8D79-BA06-45C6-967E-4717C383EA52}.Release|x86.Build.0 = Release|Win32
		{2666DF8F-0DC8-46B9-AB21-46FB11F3E7F5}.Debug|x64.ActiveCfg = Debug|x64
		{2666DF8F-0DC8-46B9-AB21-46FB11F3E7F5}.Debug|x64.Build.0 = Debug|x64
		{2666DF8F-0DC8-46B9-AB21-46FB11F3E7F5}.Debug|x86.ActiveCfg = Debug|Win32
		{2666DF8F-0DC8-46B9-AB21-46FB11F3E7F5}.Debug|x86.Build.0 = Debug|Win32
		{2666DF8F-0DC8-46B9-AB21-46FB11F3E7F5}.Release|x64.ActiveCfg = Release|x64
		{2666DF8F-0DC8-46B9-AB21-46FB11F3E7F5}.Release|x64.Build.0 = Release|x64
		{2666DF8F-0DC8-46B9-AB21-46FB11F3E7F5}.Release|x86.ActiveCfg = Release|Win32
		{2666DF8F-0DC8-46B9-AB21-46FB11F3E7F5}.Release|x86.Build.0 = Release|Win32
		{CFD28501-150C-4908-97A3-948064B8D049}.Debug|x64.ActiveCfg = Debug|x64
		{CFD28501-150C-4908-97A3-948064B8D049}.Debug|x64.Build.0 = Debug|x64
		{CFD28501-150C-4908-97A3-948064B8D049}.Debug|x86.ActiveCfg = Debug|Win32
		{CFD28501-150C-4908-97A3-948064B8D049}.Debug|x86.Build.0 = Debug|Win32
		{CFD28501-150C-4908-97A3-948064B8D049}.Release|x64.ActiveCfg = Release|x64
		{CFD28501-150C-4908-97A3-948064B8D049}.Release|x64.Build.0 = Release|x64
		{CFD28501-150C-4908-97A3-948064B8D049}.Release|x86.ActiveCfg = Release|Win32
		{CFD28501-150C-4908-97A3-948064B8D049}.Release|x86.Build.0 = Release|Win32
	EndGlobalSection
	GlobalSection(SolutionProperties) = preSolution
		HideSolutionNode = FALSE
	EndGlobalSection
	GlobalSection(ExtensibilityGlobals) = postSolution
		SolutionGuid = {3AE7C0F6-8857-4793-B841-21E39A5D2EE7}
	EndGlobalSection
EndGlobal
